
Microsoft Visual Studio Solution File, Format Version 12.00
# Visual Studio Version 17
VisualStudioVersion = 17.1.32319.34
MinimumVisualStudioVersion = 10.0.40219.1
Project("{FAE04EC0-301F-11D3-BF4B-00C04F79EFBC}") = "klasaObjektVj1", "klasaObjektVj1.csproj", "{BC99E9B6-AD90-434B-BA06-09840B8BDD61}"
EndProject
Global
	GlobalSection(SolutionConfigurationPlatforms) = preSolution
		Debug|Any CPU = Debug|Any CPU
		Release|Any CPU = Release|Any CPU
	EndGlobalSection
	GlobalSection(ProjectConfigurationPlatforms) = postSolution
		{BC99E9B6-AD90-434B-BA06-09840B8BDD61}.Debug|Any CPU.ActiveCfg = Debug|Any CPU
		{BC99E9B6-AD90-434B-BA06-09840B8BDD61}.Debug|Any CPU.Build.0 = Debug|Any CPU
		{BC99E9B6-AD90-434B-BA06-09840B8BDD61}.Release|Any CPU.ActiveCfg = Release|Any CPU
		{BC99E9B6-AD90-434B-BA06-09840B8BDD61}.Release|Any CPU.Build.0 = Release|Any CPU
	EndGlobalSection
	GlobalSection(SolutionProperties) = preSolution
		HideSolutionNode = FALSE
	EndGlobalSection
	GlobalSection(ExtensibilityGlobals) = postSolution
		SolutionGuid = {62E0523A-8D40-42A3-AB75-25AADA956D81}
	EndGlobalSection
EndGlobal
